
Microsoft Visual Studio Solution File, Format Version 12.00
# Visual Studio Version 16
VisualStudioVersion = 16.0.31129.286
MinimumVisualStudioVersion = 10.0.40219.1
Project("{9A19103F-16F7-4668-BE54-9A1E7A4F7556}") = "ex12", "ConsoleApp1\ex12.csproj", "{C3DC7EEE-CB9D-4694-915A-99C71E8A06B2}"
EndProject
Project("{9A19103F-16F7-4668-BE54-9A1E7A4F7556}") = "ex13", "ex13\ex13.csproj", "{7F5F52E4-52AF-47E7-94A7-7336B96BF7B0}"
EndProject
Project("{9A19103F-16F7-4668-BE54-9A1E7A4F7556}") = "ex13ex2", "ex13ex2\ex13ex2.csproj", "{A0E60A53-4A73-4979-B41F-0E6C08B906B9}"
EndProject
Project("{9A19103F-16F7-4668-BE54-9A1E7A4F7556}") = "ex15", "ex15\ex15.csproj", "{E733E6CE-B477-47DE-B0A0-C0FCA6804685}"
EndProject
Project("{9A19103F-16F7-4668-BE54-9A1E7A4F7556}") = "ex16", "ex16_narabikae\ex16.csproj", "{EA69547B-A013-41AB-B99E-16D5FAF21C97}"
EndProject
Project("{9A19103F-16F7-4668-BE54-9A1E7A4F7556}") = "ex16_narabikae", "ex16_narabikae\ex16_narabikae.csproj", "{BFA82EFD-C72C-4DA5-9F52-9B46D599532E}"
EndProject
Project("{9A19103F-16F7-4668-BE54-9A1E7A4F7556}") = "Challenge02", "Challenge02\Challenge02.csproj", "{AB2873D3-5F8A-40AF-8453-EC2FDA919169}"
EndProject
Project("{9A19103F-16F7-4668-BE54-9A1E7A4F7556}") = "Challenge01", "Challenge01\Challenge01.csproj", "{8D5F7843-7568-4205-82DD-87AE1B63937B}"
EndProject
Project("{9A19103F-16F7-4668-BE54-9A1E7A4F7556}") = "Challenge03", "Challenge03\Challenge03.csproj", "{F3F05921-84EE-4AFC-8E63-0EBD97F45816}"
EndProject
Project("{9A19103F-16F7-4668-BE54-9A1E7A4F7556}") = "Challenge03-1", "Challenge03-1\Challenge03-1.csproj", "{0BE76A96-59E3-4879-8AAA-706BAC068574}"
EndProject
Project("{9A19103F-16F7-4668-BE54-9A1E7A4F7556}") = "Ex21", "Ex21\Ex21.csproj", "{6FE11B87-27D9-4A2C-B912-8537C5D9C044}"
EndProject
Project("{9A19103F-16F7-4668-BE54-9A1E7A4F7556}") = "Ex22", "Ex22\Ex22.csproj", "{01AD955B-CB27-4D8E-8B10-37426CBC15AA}"
EndProject
Project("{9A19103F-16F7-4668-BE54-9A1E7A4F7556}") = "Ex23", "Ex23\Ex23.csproj", "{671B5AC8-673F-434E-9517-6B90E3674BA0}"
EndProject
Project("{9A19103F-16F7-4668-BE54-9A1E7A4F7556}") = "Ex24", "Ex24\Ex24.csproj", "{3ADBA07C-C086-457D-9D78-AFDB36DB3054}"
EndProject
Project("{9A19103F-16F7-4668-BE54-9A1E7A4F7556}") = "Ex24_1", "Ex24_1\Ex24_1.csproj", "{F4094103-7194-453D-8E19-534B2411B483}"
EndProject
Project("{9A19103F-16F7-4668-BE54-9A1E7A4F7556}") = "Ex25", "Ex25\Ex25.csproj", "{D3671F10-00C7-4FE0-8DC7-10DDA877A3CB}"
EndProject
Project("{FAE04EC0-301F-11D3-BF4B-00C04F79EFBC}") = "EX25_1", "EX25_1\EX25_1.csproj", "{4A436C53-A564-42C0-915E-3E7DFD451D3B}"
EndProject
Global
	GlobalSection(SolutionConfigurationPlatforms) = preSolution
		Debug|Any CPU = Debug|Any CPU
		Release|Any CPU = Release|Any CPU
	EndGlobalSection
	GlobalSection(ProjectConfigurationPlatforms) = postSolution
		{C3DC7EEE-CB9D-4694-915A-99C71E8A06B2}.Debug|Any CPU.ActiveCfg = Debug|Any CPU
		{C3DC7EEE-CB9D-4694-915A-99C71E8A06B2}.Debug|Any CPU.Build.0 = Debug|Any CPU
		{C3DC7EEE-CB9D-4694-915A-99C71E8A06B2}.Release|Any CPU.ActiveCfg = Release|Any CPU
		{C3DC7EEE-CB9D-4694-915A-99C71E8A06B2}.Release|Any CPU.Build.0 = Release|Any CPU
		{7F5F52E4-52AF-47E7-94A7-7336B96BF7B0}.Debug|Any CPU.ActiveCfg = Debug|Any CPU
		{7F5F52E4-52AF-47E7-94A7-7336B96BF7B0}.Debug|Any CPU.Build.0 = Debug|Any CPU
		{7F5F52E4-52AF-47E7-94A7-7336B96BF7B0}.Release|Any CPU.ActiveCfg = Release|Any CPU
		{7F5F52E4-52AF-47E7-94A7-7336B96BF7B0}.Release|Any CPU.Build.0 = Release|Any CPU
		{A0E60A53-4A73-4979-B41F-0E6C08B906B9}.Debug|Any CPU.ActiveCfg = Debug|Any CPU
		{A0E60A53-4A73-4979-B41F-0E6C08B906B9}.Debug|Any CPU.Build.0 = Debug|Any CPU
		{A0E60A53-4A73-4979-B41F-0E6C08B906B9}.Release|Any CPU.ActiveCfg = Release|Any CPU
		{A0E60A53-4A73-4979-B41F-0E6C08B906B9}.Release|Any CPU.Build.0 = Release|Any CPU
		{E733E6CE-B477-47DE-B0A0-C0FCA6804685}.Debug|Any CPU.ActiveCfg = Debug|Any CPU
		{E733E6CE-B477-47DE-B0A0-C0FCA6804685}.Debug|Any CPU.Build.0 = Debug|Any CPU
		{E733E6CE-B477-47DE-B0A0-C0FCA6804685}.Release|Any CPU.ActiveCfg = Release|Any CPU
		{E733E6CE-B477-47DE-B0A0-C0FCA6804685}.Release|Any CPU.Build.0 = Release|Any CPU
		{EA69547B-A013-41AB-B99E-16D5FAF21C97}.Debug|Any CPU.ActiveCfg = Debug|Any CPU
		{EA69547B-A013-41AB-B99E-16D5FAF21C97}.Debug|Any CPU.Build.0 = Debug|Any CPU
		{EA69547B-A013-41AB-B99E-16D5FAF21C97}.Release|Any CPU.ActiveCfg = Release|Any CPU
		{EA69547B-A013-41AB-B99E-16D5FAF21C97}.Release|Any CPU.Build.0 = Release|Any CPU
		{BFA82EFD-C72C-4DA5-9F52-9B46D599532E}.Debug|Any CPU.ActiveCfg = Debug|Any CPU
		{BFA82EFD-C72C-4DA5-9F52-9B46D599532E}.Debug|Any CPU.Build.0 = Debug|Any CPU
		{BFA82EFD-C72C-4DA5-9F52-9B46D599532E}.Release|Any CPU.ActiveCfg = Release|Any CPU
		{BFA82EFD-C72C-4DA5-9F52-9B46D599532E}.Release|Any CPU.Build.0 = Release|Any CPU
		{AB2873D3-5F8A-40AF-8453-EC2FDA919169}.Debug|Any CPU.ActiveCfg = Debug|Any CPU
		{AB2873D3-5F8A-40AF-8453-EC2FDA919169}.Debug|Any CPU.Build.0 = Debug|Any CPU
		{AB2873D3-5F8A-40AF-8453-EC2FDA919169}.Release|Any CPU.ActiveCfg = Release|Any CPU
		{AB2873D3-5F8A-40AF-8453-EC2FDA919169}.Release|Any CPU.Build.0 = Release|Any CPU
		{8D5F7843-7568-4205-82DD-87AE1B63937B}.Debug|Any CPU.ActiveCfg = Debug|Any CPU
		{8D5F7843-7568-4205-82DD-87AE1B63937B}.Debug|Any CPU.Build.0 = Debug|Any CPU
		{8D5F7843-7568-4205-82DD-87AE1B63937B}.Release|Any CPU.ActiveCfg = Release|Any CPU
		{8D5F7843-7568-4205-82DD-87AE1B63937B}.Release|Any CPU.Build.0 = Release|Any CPU
		{F3F05921-84EE-4AFC-8E63-0EBD97F45816}.Debug|Any CPU.ActiveCfg = Debug|Any CPU
		{F3F05921-84EE-4AFC-8E63-0EBD97F45816}.Debug|Any CPU.Build.0 = Debug|Any CPU
		{F3F05921-84EE-4AFC-8E63-0EBD97F45816}.Release|Any CPU.ActiveCfg = Release|Any CPU
		{F3F05921-84EE-4AFC-8E63-0EBD97F45816}.Release|Any CPU.Build.0 = Release|Any CPU
		{0BE76A96-59E3-4879-8AAA-706BAC068574}.Debug|Any CPU.ActiveCfg = Debug|Any CPU
		{0BE76A96-59E3-4879-8AAA-706BAC068574}.Debug|Any CPU.Build.0 = Debug|Any CPU
		{0BE76A96-59E3-4879-8AAA-706BAC068574}.Release|Any CPU.ActiveCfg = Release|Any CPU
		{0BE76A96-59E3-4879-8AAA-706BAC068574}.Release|Any CPU.Build.0 = Release|Any CPU
		{6FE11B87-27D9-4A2C-B912-8537C5D9C044}.Debug|Any CPU.ActiveCfg = Debug|Any CPU
		{6FE11B87-27D9-4A2C-B912-8537C5D9C044}.Debug|Any CPU.Build.0 = Debug|Any CPU
		{6FE11B87-27D9-4A2C-B912-8537C5D9C044}.Release|Any CPU.ActiveCfg = Release|Any CPU
		{6FE11B87-27D9-4A2C-B912-8537C5D9C044}.Release|Any CPU.Build.0 = Release|Any CPU
		{01AD955B-CB27-4D8E-8B10-37426CBC15AA}.Debug|Any CPU.ActiveCfg = Debug|Any CPU
		{01AD955B-CB27-4D8E-8B10-37426CBC15AA}.Debug|Any CPU.Build.0 = Debug|Any CPU
		{01AD955B-CB27-4D8E-8B10-37426CBC15AA}.Release|Any CPU.ActiveCfg = Release|Any CPU
		{01AD955B-CB27-4D8E-8B10-37426CBC15AA}.Release|Any CPU.Build.0 = Release|Any CPU
		{671B5AC8-673F-434E-9517-6B90E3674BA0}.Debug|Any CPU.ActiveCfg = Debug|Any CPU
		{671B5AC8-673F-434E-9517-6B90E3674BA0}.Debug|Any CPU.Build.0 = Debug|Any CPU
		{671B5AC8-673F-434E-9517-6B90E3674BA0}.Release|Any CPU.ActiveCfg = Release|Any CPU
		{671B5AC8-673F-434E-9517-6B90E3674BA0}.Release|Any CPU.Build.0 = Release|Any CPU
		{3ADBA07C-C086-457D-9D78-AFDB36DB3054}.Debug|Any CPU.ActiveCfg = Debug|Any CPU
		{3ADBA07C-C086-457D-9D78-AFDB36DB3054}.Debug|Any CPU.Build.0 = Debug|Any CPU
		{3ADBA07C-C086-457D-9D78-AFDB36DB3054}.Release|Any CPU.ActiveCfg = Release|Any CPU
		{3ADBA07C-C086-457D-9D78-AFDB36DB3054}.Release|Any CPU.Build.0 = Release|Any CPU
		{F4094103-7194-453D-8E19-534B2411B483}.Debug|Any CPU.ActiveCfg = Debug|Any CPU
		{F4094103-7194-453D-8E19-534B2411B483}.Debug|Any CPU.Build.0 = Debug|Any CPU
		{F4094103-7194-453D-8E19-534B2411B483}.Release|Any CPU.ActiveCfg = Release|Any CPU
		{F4094103-7194-453D-8E19-534B2411B483}.Release|Any CPU.Build.0 = Release|Any CPU
		{D3671F10-00C7-4FE0-8DC7-10DDA877A3CB}.Debug|Any CPU.ActiveCfg = Debug|Any CPU
		{D3671F10-00C7-4FE0-8DC7-10DDA877A3CB}.Debug|Any CPU.Build.0 = Debug|Any CPU
		{D3671F10-00C7-4FE0-8DC7-10DDA877A3CB}.Release|Any CPU.ActiveCfg = Release|Any CPU
		{D3671F10-00C7-4FE0-8DC7-10DDA877A3CB}.Release|Any CPU.Build.0 = Release|Any CPU
		{4A436C53-A564-42C0-915E-3E7DFD451D3B}.Debug|Any CPU.ActiveCfg = Debug|Any CPU
		{4A436C53-A564-42C0-915E-3E7DFD451D3B}.Debug|Any CPU.Build.0 = Debug|Any CPU
		{4A436C53-A564-42C0-915E-3E7DFD451D3B}.Release|Any CPU.ActiveCfg = Release|Any CPU
		{4A436C53-A564-42C0-915E-3E7DFD451D3B}.Release|Any CPU.Build.0 = Release|Any CPU
	EndGlobalSection
	GlobalSection(SolutionProperties) = preSolution
		HideSolutionNode = FALSE
	EndGlobalSection
	GlobalSection(ExtensibilityGlobals) = postSolution
		SolutionGuid = {66AE93CA-36A9-48F1-9A6E-3A79EE8DA13A}
	EndGlobalSection
EndGlobal
